<?xml version="1.0" encoding="UTF-8" standalone="yes" ?>
<CodeBlocks_project_file>
	<FileVersion major="1" minor="6" />
	<Project>
		<Option title="project-duck" />
		<Option pch_mode="2" />
		<Option compiler="gcc" />
		<Build>
			<Target title="Debug">
				<Option output="bin/Debug/project-duck" prefix_auto="1" extension_auto="1" />
				<Option object_output="obj/Debug/" />
				<Option type="1" />
				<Option compiler="gcc" />
				<Compiler>
					<Add option="-g" />
					<Add option="-DROB_DEBUG" />
				</Compiler>
				<Linker>
					<Add option="-lFreeImage" />
				</Linker>
			</Target>
			<Target title="Release">
				<Option output="bin/Release/project-duck" prefix_auto="1" extension_auto="1" />
				<Option object_output="obj/Release/" />
				<Option type="0" />
				<Option compiler="gcc" />
				<Compiler>
					<Add option="-O2" />
				</Compiler>
				<Linker>
					<Add option="-s" />
				</Linker>
			</Target>
			<Target title="Profile">
				<Option output="bin/Profile/project-duck" prefix_auto="1" extension_auto="1" />
				<Option object_output="obj/Profile/" />
				<Option type="1" />
				<Option compiler="gcc" />
				<Compiler>
					<Add option="-pg" />
					<Add option="-g" />
					<Add option="-Og" />
					<Add option="-DROB_DEBUG" />
				</Compiler>
				<Linker>
					<Add option="-pg -lgmon" />
				</Linker>
			</Target>
		</Build>
		<Compiler>
			<Add option="-Winit-self" />
			<Add option="-Wcast-align" />
			<Add option="-Wfloat-equal" />
			<Add option="-Winline" />
			<Add option="-Wunreachable-code" />
			<Add option="-Wall" />
			<Add option="-std=c++11" />
			<Add option="-msse2" />
			<Add option="-Wno-unused-parameter" />
			<Add option="-fno-exceptions" />
			<Add directory="src" />
		</Compiler>
		<Linker>
			<Add option="-lmingw32" />
			<Add option="-lSDL2main -lSDL2" />
			<Add option="-lglew32 -lopengl32" />
			<Add option="-lOpenAL32" />
		</Linker>
		<Unit filename="TODO.txt" />
		<Unit filename="src/duck/Game.h" />
		<Unit filename="src/duck/GameState.h" />
		<Unit filename="src/rob/Assert.cpp" />
		<Unit filename="src/rob/Assert.h" />
		<Unit filename="src/rob/Log.cpp" />
		<Unit filename="src/rob/Log.h" />
		<Unit filename="src/rob/String.h" />
		<Unit filename="src/rob/Types.h" />
		<Unit filename="src/rob/application/Game.cpp" />
		<Unit filename="src/rob/application/Game.h" />
		<Unit filename="src/rob/application/GameState.cpp" />
		<Unit filename="src/rob/application/GameState.h" />
		<Unit filename="src/rob/application/GameTime.cpp" />
		<Unit filename="src/rob/application/GameTime.h" />
		<Unit filename="src/rob/application/Window.cpp" />
		<Unit filename="src/rob/application/Window.h" />
		<Unit filename="src/rob/audio/ALCheck.cpp" />
		<Unit filename="src/rob/audio/ALCheck.h" />
		<Unit filename="src/rob/audio/AudioSystem.cpp" />
		<Unit filename="src/rob/audio/AudioSystem.h" />
		<Unit filename="src/rob/filesystem/FileCopy.cpp" />
		<Unit filename="src/rob/filesystem/FileCopy.h" />
		<Unit filename="src/rob/filesystem/FileStat.cpp" />
		<Unit filename="src/rob/filesystem/FileStat.h" />
		<Unit filename="src/rob/filesystem/FileSystem.cpp" />
		<Unit filename="src/rob/filesystem/FileSystem.h" />
		<Unit filename="src/rob/filesystem/FilesFromDirectory.cpp" />
		<Unit filename="src/rob/filesystem/FilesFromDirectory.h" />
		<Unit filename="src/rob/graphics/BufferObject.cpp" />
		<Unit filename="src/rob/graphics/BufferObject.h" />
		<Unit filename="src/rob/graphics/GLCheck.cpp" />
		<Unit filename="src/rob/graphics/GLCheck.h" />
		<Unit filename="src/rob/graphics/GLTypes.h" />
		<Unit filename="src/rob/graphics/Graphics.cpp" />
		<Unit filename="src/rob/graphics/Graphics.h" />
		<Unit filename="src/rob/graphics/GraphicsTypes.h" />
		<Unit filename="src/rob/graphics/IndexBuffer.cpp" />
		<Unit filename="src/rob/graphics/IndexBuffer.h" />
		<Unit filename="src/rob/graphics/Shader.cpp" />
		<Unit filename="src/rob/graphics/Shader.h" />
		<Unit filename="src/rob/graphics/ShaderProgram.cpp" />
		<Unit filename="src/rob/graphics/ShaderProgram.h" />
		<Unit filename="src/rob/graphics/Texture.cpp" />
		<Unit filename="src/rob/graphics/Texture.h" />
		<Unit filename="src/rob/graphics/Uniform.cpp" />
		<Unit filename="src/rob/graphics/Uniform.h" />
		<Unit filename="src/rob/graphics/VertexBuffer.cpp" />
		<Unit filename="src/rob/graphics/VertexBuffer.h" />
		<Unit filename="src/rob/input/Keyboard.cpp" />
		<Unit filename="src/rob/input/Keyboard.h" />
		<Unit filename="src/rob/input/Mouse.cpp" />
		<Unit filename="src/rob/input/Mouse.h" />
		<Unit filename="src/rob/input/TextInput.cpp" />
		<Unit filename="src/rob/input/TextInput.h" />
		<Unit filename="src/rob/main.cpp" />
		<Unit filename="src/rob/math/Constants.h" />
		<Unit filename="src/rob/math/Functions.cpp" />
		<Unit filename="src/rob/math/Functions.h" />
		<Unit filename="src/rob/math/Math.h" />
		<Unit filename="src/rob/math/Matrix4.h" />
		<Unit filename="src/rob/math/Projection.cpp" />
		<Unit filename="src/rob/math/Projection.h" />
		<Unit filename="src/rob/math/Random.h" />
		<Unit filename="src/rob/math/Types.h" />
		<Unit filename="src/rob/math/Vector2.h" />
		<Unit filename="src/rob/math/Vector4.h" />
		<Unit filename="src/rob/math/simd/NoSimd.h" />
		<Unit filename="src/rob/math/simd/SSE2.h" />
		<Unit filename="src/rob/math/simd/Simd.h" />
		<Unit filename="src/rob/memory/AlignedStorage.h" />
		<Unit filename="src/rob/memory/Freelist.cpp" />
		<Unit filename="src/rob/memory/Freelist.h" />
		<Unit filename="src/rob/memory/LinearAllocator.cpp" />
		<Unit filename="src/rob/memory/LinearAllocator.h" />
		<Unit filename="src/rob/memory/Pool.h" />
		<Unit filename="src/rob/memory/PtrAlign.h" />
		<Unit filename="src/rob/renderer/Color.cpp" />
		<Unit filename="src/rob/renderer/Color.h" />
		<Unit filename="src/rob/renderer/DefaultShaders.cpp" />
		<Unit filename="src/rob/renderer/Font.cpp" />
		<Unit filename="src/rob/renderer/Font.h" />
		<Unit filename="src/rob/renderer/Renderer.cpp" />
		<Unit filename="src/rob/renderer/Renderer.h" />
		<Unit filename="src/rob/resource/BmfFont.internal.h" />
		<Unit filename="src/rob/resource/FontCache.cpp" />
		<Unit filename="src/rob/resource/FontCache.h" />
		<Unit filename="src/rob/resource/MasterCache.cpp" />
		<Unit filename="src/rob/resource/MasterCache.h" />
		<Unit filename="src/rob/resource/ResourceCache.h" />
		<Unit filename="src/rob/resource/ResourceID.h" />
		<Unit filename="src/rob/resource/SoundCache.cpp" />
		<Unit filename="src/rob/resource/SoundCache.h" />
		<Unit filename="src/rob/resource/TextureCache.cpp" />
		<Unit filename="src/rob/resource/TextureCache.h" />
		<Unit filename="src/rob/resource/builder/MasterBuilder.cpp">
			<Option target="Debug" />
			<Option target="Profile" />
		</Unit>
		<Unit filename="src/rob/resource/builder/MasterBuilder.h">
			<Option target="Debug" />
			<Option target="Profile" />
		</Unit>
		<Unit filename="src/rob/resource/builder/ResourceBuilder.cpp">
			<Option target="Debug" />
			<Option target="Profile" />
		</Unit>
		<Unit filename="src/rob/resource/builder/ResourceBuilder.h">
			<Option target="Debug" />
			<Option target="Profile" />
		</Unit>
		<Unit filename="src/rob/resource/builder/ResourceCopier.cpp">
			<Option target="Debug" />
			<Option target="Profile" />
		</Unit>
		<Unit filename="src/rob/resource/builder/ResourceCopier.h">
			<Option target="Debug" />
			<Option target="Profile" />
		</Unit>
		<Unit filename="src/rob/resource/builder/TextureBuilder.cpp">
			<Option target="Debug" />
			<Option target="Profile" />
		</Unit>
		<Unit filename="src/rob/resource/builder/TextureBuilder.h">
			<Option target="Debug" />
			<Option target="Profile" />
		</Unit>
		<Unit filename="src/rob/time/MicroTicker.cpp" />
		<Unit filename="src/rob/time/MicroTicker.h" />
		<Unit filename="src/rob/time/Time.cpp" />
		<Unit filename="src/rob/time/Time.h" />
		<Unit filename="src/rob/time/VirtualTime.cpp" />
		<Unit filename="src/rob/time/VirtualTime.h" />
		<Unit filename="src/rob/util/StreamUtil.h" />
		<Extensions>
			<code_completion />
			<envvars />
			<debugger />
		</Extensions>
	</Project>
</CodeBlocks_project_file>
